<?xml version="1.0" encoding="utf-8"?>
<Project ToolsVersion="4.0" xmlns="http://schemas.microsoft.com/developer/msbuild/2003">
  <ItemGroup>
    <Filter Include="소스 파일">
      <UniqueIdentifier>{4FC737F1-C7A5-4376-A066-2A32D752A2FF}</UniqueIdentifier>
      <Extensions>cpp;c;cc;cxx;def;odl;idl;hpj;bat;asm;asmx</Extensions>
    </Filter>
    <Filter Include="헤더 파일">
      <UniqueIdentifier>{93995380-89BD-4b04-88EB-625FBE52EBFB}</UniqueIdentifier>
      <Extensions>h;hh;hpp;hxx;hm;inl;inc;ipp;xsd</Extensions>
    </Filter>
    <Filter Include="리소스 파일">
      <UniqueIdentifier>{67DA6AB6-F800-4c08-8B7A-83BB121AAD01}</UniqueIdentifier>
      <Extensions>rc;ico;cur;bmp;dlg;rc2;rct;bin;rgs;gif;jpg;jpeg;jpe;resx;tiff;tif;png;wav;mfcribbon-ms</Extensions>
    </Filter>
    <Filter Include="소스 파일\SignalProcessing">
      <UniqueIdentifier>{95bb90b0-4fcb-4826-ba83-5110c492fb5d}</UniqueIdentifier>
    </Filter>
    <Filter Include="소스 파일\SignalProcessing\PreProcessing">
      <UniqueIdentifier>{07ff13df-4fbe-4a28-baf7-39181b9ef721}</UniqueIdentifier>
    </Filter>
    <Filter Include="소스 파일\lib">
      <UniqueIdentifier>{696d82fa-9f68-4b81-816f-bd4141774cb2}</UniqueIdentifier>
    </Filter>
    <Filter Include="소스 파일\SignalProcessing\ObjectDetection">
      <UniqueIdentifier>{999d4a5c-34d6-49cd-bb16-aa4f9fa995df}</UniqueIdentifier>
    </Filter>
    <Filter Include="소스 파일\SignalProcessing\ObjectDetection\GhostFilter">
      <UniqueIdentifier>{ab3b32df-04df-4504-ad37-5f5853db7dd3}</UniqueIdentifier>
    </Filter>
    <Filter Include="소스 파일\Cfg">
      <UniqueIdentifier>{3c0de5ae-437d-4eb4-af2d-ea56268aed51}</UniqueIdentifier>
    </Filter>
    <Filter Include="소스 파일\SignalProcessing\Application">
      <UniqueIdentifier>{85ebbc32-2903-4a22-9a2d-7f38fed1448c}</UniqueIdentifier>
    </Filter>
    <Filter Include="소스 파일\lib\NE10">
      <UniqueIdentifier>{63805917-69cf-42fc-b170-18aa89998566}</UniqueIdentifier>
    </Filter>
    <Filter Include="소스 파일\lib\NE10\common">
      <UniqueIdentifier>{9cfe749d-5264-4c34-8d9c-2142d5b8503d}</UniqueIdentifier>
    </Filter>
    <Filter Include="소스 파일\lib\NE10\dsp">
      <UniqueIdentifier>{b90a5ab5-d59b-4905-adfb-cfee0ce1cd82}</UniqueIdentifier>
    </Filter>
    <Filter Include="소스 파일\lib\NE10\inc">
      <UniqueIdentifier>{0e51f2d9-4480-4d20-9ce6-0cf76b11e20a}</UniqueIdentifier>
    </Filter>
    <Filter Include="소스 파일\lib\NE10\math">
      <UniqueIdentifier>{bb83d6fd-b729-471e-982e-72d8d7c7e9eb}</UniqueIdentifier>
    </Filter>
    <Filter Include="소스 파일\Acceleration">
      <UniqueIdentifier>{e6cacb86-e1cd-4fa5-b855-1cc6df19aeaf}</UniqueIdentifier>
    </Filter>
    <Filter Include="소스 파일\SignalProcessing\Tracking">
      <UniqueIdentifier>{6b7b8cdb-d449-4f82-9b25-d3b6272bdff8}</UniqueIdentifier>
    </Filter>
  </ItemGroup>
  <ItemGroup>
    <ClInclude Include="targetver.h">
      <Filter>헤더 파일</Filter>
    </ClInclude>
    <ClInclude Include="rsp_sim.h">
      <Filter>소스 파일</Filter>
    </ClInclude>
    <ClInclude Include="Sim_Main.h">
      <Filter>소스 파일</Filter>
    </ClInclude>
    <ClInclude Include="stdafx.h">
      <Filter>헤더 파일</Filter>
    </ClInclude>
    <ClInclude Include="..\..\..\axx910_main\src\rsp\axx910_sw\Source\ASW\SignalProcessing\Sp_Parameters.h">
      <Filter>소스 파일\SignalProcessing</Filter>
    </ClInclude>
    <ClInclude Include="..\..\..\axx910_main\src\rsp\axx910_sw\Source\ASW\SignalProcessing\Sp_TypeDef.h">
      <Filter>소스 파일\SignalProcessing</Filter>
    </ClInclude>
    <ClInclude Include="..\..\..\axx910_main\src\rsp\axx910_sw\Source\ASW\SignalProcessing\Sp_Main.h">
      <Filter>소스 파일\SignalProcessing</Filter>
    </ClInclude>
    <ClInclude Include="..\..\..\axx910_main\src\rsp\axx910_sw\Source\ASW\Cfg\radar_cfg.h">
      <Filter>소스 파일\Cfg</Filter>
    </ClInclude>
    <ClInclude Include="..\..\..\axx910_main\src\rsp\axx910_sw\Source\ASW\Cfg\system_cfg.h">
      <Filter>소스 파일\Cfg</Filter>
    </ClInclude>
    <ClInclude Include="..\..\..\axx910_main\src\rsp\axx910_sw\Source\ASW\SignalProcessing\lib\NE10\common\factor.h">
      <Filter>소스 파일\lib\NE10\common</Filter>
    </ClInclude>
    <ClInclude Include="..\..\..\axx910_main\src\rsp\axx910_sw\Source\ASW\SignalProcessing\lib\NE10\common\macros.h">
      <Filter>소스 파일\lib\NE10\common</Filter>
    </ClInclude>
    <ClInclude Include="..\..\..\axx910_main\src\rsp\axx910_sw\Source\ASW\SignalProcessing\lib\NE10\common\NE10_mask_table.h">
      <Filter>소스 파일\lib\NE10\common</Filter>
    </ClInclude>
    <ClInclude Include="..\..\..\axx910_main\src\rsp\axx910_sw\Source\ASW\SignalProcessing\lib\NE10\common\versionheader.h">
      <Filter>소스 파일\lib\NE10\common</Filter>
    </ClInclude>
    <ClInclude Include="..\..\..\axx910_main\src\rsp\axx910_sw\Source\ASW\SignalProcessing\lib\NE10\dsp\NE10_fft.h">
      <Filter>소스 파일\lib\NE10\dsp</Filter>
    </ClInclude>
    <ClInclude Include="..\..\..\axx910_main\src\rsp\axx910_sw\Source\ASW\SignalProcessing\lib\NE10\dsp\NE10_fft_bfly.h">
      <Filter>소스 파일\lib\NE10\dsp</Filter>
    </ClInclude>
    <ClInclude Include="..\..\..\axx910_main\src\rsp\axx910_sw\Source\ASW\SignalProcessing\lib\NE10\dsp\NE10_fft_common_varibles.h">
      <Filter>소스 파일\lib\NE10\dsp</Filter>
    </ClInclude>
    <ClInclude Include="..\..\..\axx910_main\src\rsp\axx910_sw\Source\ASW\SignalProcessing\lib\NE10\dsp\NE10_fft_cplx_ops.h">
      <Filter>소스 파일\lib\NE10\dsp</Filter>
    </ClInclude>
    <ClInclude Include="..\..\..\axx910_main\src\rsp\axx910_sw\Source\ASW\SignalProcessing\lib\NE10\dsp\NE10_fft_debug_macro.h">
      <Filter>소스 파일\lib\NE10\dsp</Filter>
    </ClInclude>
    <ClInclude Include="..\..\..\axx910_main\src\rsp\axx910_sw\Source\ASW\SignalProcessing\lib\NE10\dsp\NE10_fft_generic_float32.h">
      <Filter>소스 파일\lib\NE10\dsp</Filter>
    </ClInclude>
    <ClInclude Include="..\..\..\axx910_main\src\rsp\axx910_sw\Source\ASW\SignalProcessing\lib\NE10\dsp\NE10_fft_generic_int32.h">
      <Filter>소스 파일\lib\NE10\dsp</Filter>
    </ClInclude>
    <ClInclude Include="..\..\..\axx910_main\src\rsp\axx910_sw\Source\ASW\SignalProcessing\lib\NE10\inc\NE10.h">
      <Filter>소스 파일\lib\NE10\inc</Filter>
    </ClInclude>
    <ClInclude Include="..\..\..\axx910_main\src\rsp\axx910_sw\Source\ASW\SignalProcessing\lib\NE10\inc\NE10_dsp.h">
      <Filter>소스 파일\lib\NE10\inc</Filter>
    </ClInclude>
    <ClInclude Include="..\..\..\axx910_main\src\rsp\axx910_sw\Source\ASW\SignalProcessing\lib\NE10\inc\NE10_imgproc.h">
      <Filter>소스 파일\lib\NE10\inc</Filter>
    </ClInclude>
    <ClInclude Include="..\..\..\axx910_main\src\rsp\axx910_sw\Source\ASW\SignalProcessing\lib\NE10\inc\NE10_init.h">
      <Filter>소스 파일\lib\NE10\inc</Filter>
    </ClInclude>
    <ClInclude Include="..\..\..\axx910_main\src\rsp\axx910_sw\Source\ASW\SignalProcessing\lib\NE10\inc\NE10_macros.h">
      <Filter>소스 파일\lib\NE10\inc</Filter>
    </ClInclude>
    <ClInclude Include="..\..\..\axx910_main\src\rsp\axx910_sw\Source\ASW\SignalProcessing\lib\NE10\inc\NE10_math.h">
      <Filter>소스 파일\lib\NE10\inc</Filter>
    </ClInclude>
    <ClInclude Include="..\..\..\axx910_main\src\rsp\axx910_sw\Source\ASW\SignalProcessing\lib\NE10\inc\NE10_physics.h">
      <Filter>소스 파일\lib\NE10\inc</Filter>
    </ClInclude>
    <ClInclude Include="..\..\..\axx910_main\src\rsp\axx910_sw\Source\ASW\SignalProcessing\lib\NE10\inc\NE10_types.h">
      <Filter>소스 파일\lib\NE10\inc</Filter>
    </ClInclude>
    <ClInclude Include="..\..\..\axx910_main\src\rsp\axx910_sw\Source\ASW\SignalProcessing\lib\cfarlib\bts_cfarlib.h">
      <Filter>소스 파일\lib</Filter>
    </ClInclude>
    <ClInclude Include="..\..\..\axx910_main\src\rsp\axx910_sw\Source\ASW\SignalProcessing\lib\rsp_lib.h">
      <Filter>소스 파일\lib</Filter>
    </ClInclude>
    <ClInclude Include="..\..\..\axx910_main\src\rsp\axx910_sw\Source\ASW\SignalProcessing\lib\rsp_lib_cfg.h">
      <Filter>소스 파일\lib</Filter>
    </ClInclude>
    <ClInclude Include="..\..\..\axx910_main\src\rsp\axx910_sw\Source\ASW\SignalProcessing\Application\App_Input.h">
      <Filter>소스 파일\SignalProcessing\Application</Filter>
    </ClInclude>
    <ClInclude Include="..\..\..\axx910_main\src\rsp\axx910_sw\Source\ASW\SignalProcessing\Application\App_Main.h">
      <Filter>소스 파일\SignalProcessing\Application</Filter>
    </ClInclude>
    <ClInclude Include="..\..\..\axx910_main\src\rsp\axx910_sw\Source\ASW\SignalProcessing\Application\App_Parameters.h">
      <Filter>소스 파일\SignalProcessing\Application</Filter>
    </ClInclude>
    <ClInclude Include="..\..\..\axx910_main\src\rsp\axx910_sw\Source\ASW\SignalProcessing\ObjectDetection\GhostFilter\Gf_FoVFilter.h">
      <Filter>소스 파일\SignalProcessing\ObjectDetection\GhostFilter</Filter>
    </ClInclude>
    <ClInclude Include="..\..\..\axx910_main\src\rsp\axx910_sw\Source\ASW\SignalProcessing\ObjectDetection\GhostFilter\Gf_Main.h">
      <Filter>소스 파일\SignalProcessing\ObjectDetection\GhostFilter</Filter>
    </ClInclude>
    <ClInclude Include="..\..\..\axx910_main\src\rsp\axx910_sw\Source\ASW\SignalProcessing\ObjectDetection\GhostFilter\Gf_Parameters.h">
      <Filter>소스 파일\SignalProcessing\ObjectDetection\GhostFilter</Filter>
    </ClInclude>
    <ClInclude Include="..\..\..\axx910_main\src\rsp\axx910_sw\Source\ASW\SignalProcessing\ObjectDetection\Obj_AngEst.h">
      <Filter>소스 파일\SignalProcessing\ObjectDetection</Filter>
    </ClInclude>
    <ClInclude Include="..\..\..\axx910_main\src\rsp\axx910_sw\Source\ASW\SignalProcessing\ObjectDetection\Obj_CFAR.h">
      <Filter>소스 파일\SignalProcessing\ObjectDetection</Filter>
    </ClInclude>
    <ClInclude Include="..\..\..\axx910_main\src\rsp\axx910_sw\Source\ASW\SignalProcessing\ObjectDetection\Obj_DBF.h">
      <Filter>소스 파일\SignalProcessing\ObjectDetection</Filter>
    </ClInclude>
    <ClInclude Include="..\..\..\axx910_main\src\rsp\axx910_sw\Source\ASW\SignalProcessing\ObjectDetection\Obj_FreqEst.h">
      <Filter>소스 파일\SignalProcessing\ObjectDetection</Filter>
    </ClInclude>
    <ClInclude Include="..\..\..\axx910_main\src\rsp\axx910_sw\Source\ASW\SignalProcessing\ObjectDetection\Obj_Main.h">
      <Filter>소스 파일\SignalProcessing\ObjectDetection</Filter>
    </ClInclude>
    <ClInclude Include="..\..\..\axx910_main\src\rsp\axx910_sw\Source\ASW\SignalProcessing\ObjectDetection\Obj_Output.h">
      <Filter>소스 파일\SignalProcessing\ObjectDetection</Filter>
    </ClInclude>
    <ClInclude Include="..\..\..\axx910_main\src\rsp\axx910_sw\Source\ASW\SignalProcessing\ObjectDetection\Obj_Parameters.h">
      <Filter>소스 파일\SignalProcessing\ObjectDetection</Filter>
    </ClInclude>
    <ClInclude Include="..\..\..\axx910_main\src\rsp\axx910_sw\Source\ASW\SignalProcessing\ObjectDetection\Obj_SelCand.h">
      <Filter>소스 파일\SignalProcessing\ObjectDetection</Filter>
    </ClInclude>
    <ClInclude Include="..\..\..\axx910_main\src\rsp\axx910_sw\Source\ASW\SignalProcessing\PreProcessing\Pre_fft.h">
      <Filter>소스 파일\SignalProcessing\PreProcessing</Filter>
    </ClInclude>
    <ClInclude Include="..\..\..\axx910_main\src\rsp\axx910_sw\Source\ASW\SignalProcessing\PreProcessing\Pre_Parameters.h">
      <Filter>소스 파일\SignalProcessing\PreProcessing</Filter>
    </ClInclude>
    <ClInclude Include="..\..\..\axx910_main\src\rsp\axx910_sw\Source\ASW\SignalProcessing\PreProcessing\Pre_Main.h">
      <Filter>소스 파일\SignalProcessing\PreProcessing</Filter>
    </ClInclude>
    <ClInclude Include="..\..\..\axx910_main\src\rsp\axx910_sw\Source\ASW\SignalProcessing\ObjectDetection\Obj_CalRV.h">
      <Filter>소스 파일\SignalProcessing\ObjectDetection</Filter>
    </ClInclude>
    <ClInclude Include="..\..\..\axx910_main\src\rsp\axx910_sw\Source\ASW\SignalProcessing\ObjectDetection\GhostFilter\Gf_RefPairFilter.h">
      <Filter>소스 파일\SignalProcessing\ObjectDetection\GhostFilter</Filter>
    </ClInclude>
    <ClInclude Include="..\..\..\axx910_main\src\rsp\axx910_sw\Source\ASW\SignalProcessing\Tracking\Trk_Association.h">
      <Filter>소스 파일\SignalProcessing\Tracking</Filter>
    </ClInclude>
    <ClInclude Include="..\..\..\axx910_main\src\rsp\axx910_sw\Source\ASW\SignalProcessing\Tracking\Trk_Clustering.h">
      <Filter>소스 파일\SignalProcessing\Tracking</Filter>
    </ClInclude>
    <ClInclude Include="..\..\..\axx910_main\src\rsp\axx910_sw\Source\ASW\SignalProcessing\Tracking\Trk_Correction.h">
      <Filter>소스 파일\SignalProcessing\Tracking</Filter>
    </ClInclude>
    <ClInclude Include="..\..\..\axx910_main\src\rsp\axx910_sw\Source\ASW\SignalProcessing\Tracking\Trk_Freespace.h">
      <Filter>소스 파일\SignalProcessing\Tracking</Filter>
    </ClInclude>
    <ClInclude Include="..\..\..\axx910_main\src\rsp\axx910_sw\Source\ASW\SignalProcessing\Tracking\Trk_Input.h">
      <Filter>소스 파일\SignalProcessing\Tracking</Filter>
    </ClInclude>
    <ClInclude Include="..\..\..\axx910_main\src\rsp\axx910_sw\Source\ASW\SignalProcessing\Tracking\Trk_Main.h">
      <Filter>소스 파일\SignalProcessing\Tracking</Filter>
    </ClInclude>
    <ClInclude Include="..\..\..\axx910_main\src\rsp\axx910_sw\Source\ASW\SignalProcessing\Tracking\Trk_Managing.h">
      <Filter>소스 파일\SignalProcessing\Tracking</Filter>
    </ClInclude>
    <ClInclude Include="..\..\..\axx910_main\src\rsp\axx910_sw\Source\ASW\SignalProcessing\Tracking\Trk_Output.h">
      <Filter>소스 파일\SignalProcessing\Tracking</Filter>
    </ClInclude>
    <ClInclude Include="..\..\..\axx910_main\src\rsp\axx910_sw\Source\ASW\SignalProcessing\Tracking\Trk_Parameters.h">
      <Filter>소스 파일\SignalProcessing\Tracking</Filter>
    </ClInclude>
    <ClInclude Include="..\..\..\axx910_main\src\rsp\axx910_sw\Source\ASW\SignalProcessing\Tracking\Trk_Prediction.h">
      <Filter>소스 파일\SignalProcessing\Tracking</Filter>
    </ClInclude>
    <ClInclude Include="..\..\..\axx910_main\src\rsp\axx910_sw\Source\ASW\SignalProcessing\Tracking\Trk_SensorFusion.h">
      <Filter>소스 파일\SignalProcessing\Tracking</Filter>
    </ClInclude>
  </ItemGroup>
  <ItemGroup>
    <ClCompile Include="rsp_sim.cpp">
      <Filter>소스 파일</Filter>
    </ClCompile>
    <ClCompile Include="Sim_Main.c">
      <Filter>소스 파일</Filter>
    </ClCompile>
    <ClCompile Include="stdafx.cpp">
      <Filter>소스 파일</Filter>
    </ClCompile>
    <ClCompile Include="..\..\..\axx910_main\src\rsp\axx910_sw\Source\ASW\SignalProcessing\Sp_Main.c">
      <Filter>소스 파일\SignalProcessing</Filter>
    </ClCompile>
    <ClCompile Include="..\..\..\axx910_main\src\rsp\axx910_sw\Source\ASW\SignalProcessing\lib\NE10\common\NE10_mask_table.c">
      <Filter>소스 파일\lib\NE10\common</Filter>
    </ClCompile>
    <ClCompile Include="..\..\..\axx910_main\src\rsp\axx910_sw\Source\ASW\SignalProcessing\lib\NE10\dsp\NE10_fft.c">
      <Filter>소스 파일\lib\NE10\dsp</Filter>
    </ClCompile>
    <ClCompile Include="..\..\..\axx910_main\src\rsp\axx910_sw\Source\ASW\SignalProcessing\lib\NE10\dsp\NE10_fft_float32.c">
      <Filter>소스 파일\lib\NE10\dsp</Filter>
    </ClCompile>
    <ClCompile Include="..\..\..\axx910_main\src\rsp\axx910_sw\Source\ASW\SignalProcessing\lib\NE10\dsp\NE10_fft_generic_float32.c">
      <Filter>소스 파일\lib\NE10\dsp</Filter>
    </ClCompile>
    <ClCompile Include="..\..\..\axx910_main\src\rsp\axx910_sw\Source\ASW\SignalProcessing\lib\NE10\dsp\NE10_fir.c">
      <Filter>소스 파일\lib\NE10\dsp</Filter>
    </ClCompile>
    <ClCompile Include="..\..\..\axx910_main\src\rsp\axx910_sw\Source\ASW\SignalProcessing\lib\NE10\dsp\NE10_fir_init.c">
      <Filter>소스 파일\lib\NE10\dsp</Filter>
    </ClCompile>
    <ClCompile Include="..\..\..\axx910_main\src\rsp\axx910_sw\Source\ASW\SignalProcessing\lib\NE10\dsp\NE10_iir.c">
      <Filter>소스 파일\lib\NE10\dsp</Filter>
    </ClCompile>
    <ClCompile Include="..\..\..\axx910_main\src\rsp\axx910_sw\Source\ASW\SignalProcessing\lib\NE10\dsp\NE10_iir_init.c">
      <Filter>소스 파일\lib\NE10\dsp</Filter>
    </ClCompile>
    <ClCompile Include="..\..\..\axx910_main\src\rsp\axx910_sw\Source\ASW\SignalProcessing\lib\NE10\dsp\NE10_init_dsp.c">
      <Filter>소스 파일\lib\NE10\dsp</Filter>
    </ClCompile>
    <ClCompile Include="..\..\..\axx910_main\src\rsp\axx910_sw\Source\ASW\SignalProcessing\lib\NE10\dsp\NE10_rfft_float32.c">
      <Filter>소스 파일\lib\NE10\dsp</Filter>
    </ClCompile>
    <ClCompile Include="..\..\..\axx910_main\src\rsp\axx910_sw\Source\ASW\SignalProcessing\lib\NE10\math\NE10_abs.c">
      <Filter>소스 파일\lib\NE10\math</Filter>
    </ClCompile>
    <ClCompile Include="..\..\..\axx910_main\src\rsp\axx910_sw\Source\ASW\SignalProcessing\lib\NE10\math\NE10_add.c">
      <Filter>소스 파일\lib\NE10\math</Filter>
    </ClCompile>
    <ClCompile Include="..\..\..\axx910_main\src\rsp\axx910_sw\Source\ASW\SignalProcessing\lib\NE10\math\NE10_addc.c">
      <Filter>소스 파일\lib\NE10\math</Filter>
    </ClCompile>
    <ClCompile Include="..\..\..\axx910_main\src\rsp\axx910_sw\Source\ASW\SignalProcessing\lib\NE10\math\NE10_addmat.c">
      <Filter>소스 파일\lib\NE10\math</Filter>
    </ClCompile>
    <ClCompile Include="..\..\..\axx910_main\src\rsp\axx910_sw\Source\ASW\SignalProcessing\lib\NE10\math\NE10_cross.c">
      <Filter>소스 파일\lib\NE10\math</Filter>
    </ClCompile>
    <ClCompile Include="..\..\..\axx910_main\src\rsp\axx910_sw\Source\ASW\SignalProcessing\lib\NE10\math\NE10_detmat.c">
      <Filter>소스 파일\lib\NE10\math</Filter>
    </ClCompile>
    <ClCompile Include="..\..\..\axx910_main\src\rsp\axx910_sw\Source\ASW\SignalProcessing\lib\NE10\math\NE10_div.c">
      <Filter>소스 파일\lib\NE10\math</Filter>
    </ClCompile>
    <ClCompile Include="..\..\..\axx910_main\src\rsp\axx910_sw\Source\ASW\SignalProcessing\lib\NE10\math\NE10_divc.c">
      <Filter>소스 파일\lib\NE10\math</Filter>
    </ClCompile>
    <ClCompile Include="..\..\..\axx910_main\src\rsp\axx910_sw\Source\ASW\SignalProcessing\lib\NE10\math\NE10_dot.c">
      <Filter>소스 파일\lib\NE10\math</Filter>
    </ClCompile>
    <ClCompile Include="..\..\..\axx910_main\src\rsp\axx910_sw\Source\ASW\SignalProcessing\lib\NE10\math\NE10_identitymat.c">
      <Filter>소스 파일\lib\NE10\math</Filter>
    </ClCompile>
    <ClCompile Include="..\..\..\axx910_main\src\rsp\axx910_sw\Source\ASW\SignalProcessing\lib\NE10\math\NE10_init_math.c">
      <Filter>소스 파일\lib\NE10\math</Filter>
    </ClCompile>
    <ClCompile Include="..\..\..\axx910_main\src\rsp\axx910_sw\Source\ASW\SignalProcessing\lib\NE10\math\NE10_invmat.c">
      <Filter>소스 파일\lib\NE10\math</Filter>
    </ClCompile>
    <ClCompile Include="..\..\..\axx910_main\src\rsp\axx910_sw\Source\ASW\SignalProcessing\lib\NE10\math\NE10_len.c">
      <Filter>소스 파일\lib\NE10\math</Filter>
    </ClCompile>
    <ClCompile Include="..\..\..\axx910_main\src\rsp\axx910_sw\Source\ASW\SignalProcessing\lib\NE10\math\NE10_mla.c">
      <Filter>소스 파일\lib\NE10\math</Filter>
    </ClCompile>
    <ClCompile Include="..\..\..\axx910_main\src\rsp\axx910_sw\Source\ASW\SignalProcessing\lib\NE10\math\NE10_mlac.c">
      <Filter>소스 파일\lib\NE10\math</Filter>
    </ClCompile>
    <ClCompile Include="..\..\..\axx910_main\src\rsp\axx910_sw\Source\ASW\SignalProcessing\lib\NE10\math\NE10_mul.c">
      <Filter>소스 파일\lib\NE10\math</Filter>
    </ClCompile>
    <ClCompile Include="..\..\..\axx910_main\src\rsp\axx910_sw\Source\ASW\SignalProcessing\lib\NE10\math\NE10_mulc.c">
      <Filter>소스 파일\lib\NE10\math</Filter>
    </ClCompile>
    <ClCompile Include="..\..\..\axx910_main\src\rsp\axx910_sw\Source\ASW\SignalProcessing\lib\NE10\math\NE10_mulcmatvec.c">
      <Filter>소스 파일\lib\NE10\math</Filter>
    </ClCompile>
    <ClCompile Include="..\..\..\axx910_main\src\rsp\axx910_sw\Source\ASW\SignalProcessing\lib\NE10\math\NE10_mulmat.c">
      <Filter>소스 파일\lib\NE10\math</Filter>
    </ClCompile>
    <ClCompile Include="..\..\..\axx910_main\src\rsp\axx910_sw\Source\ASW\SignalProcessing\lib\NE10\math\NE10_normalize.c">
      <Filter>소스 파일\lib\NE10\math</Filter>
    </ClCompile>
    <ClCompile Include="..\..\..\axx910_main\src\rsp\axx910_sw\Source\ASW\SignalProcessing\lib\NE10\math\NE10_rsbc.c">
      <Filter>소스 파일\lib\NE10\math</Filter>
    </ClCompile>
    <ClCompile Include="..\..\..\axx910_main\src\rsp\axx910_sw\Source\ASW\SignalProcessing\lib\NE10\math\NE10_setc.c">
      <Filter>소스 파일\lib\NE10\math</Filter>
    </ClCompile>
    <ClCompile Include="..\..\..\axx910_main\src\rsp\axx910_sw\Source\ASW\SignalProcessing\lib\NE10\math\NE10_sub.c">
      <Filter>소스 파일\lib\NE10\math</Filter>
    </ClCompile>
    <ClCompile Include="..\..\..\axx910_main\src\rsp\axx910_sw\Source\ASW\SignalProcessing\lib\NE10\math\NE10_subc.c">
      <Filter>소스 파일\lib\NE10\math</Filter>
    </ClCompile>
    <ClCompile Include="..\..\..\axx910_main\src\rsp\axx910_sw\Source\ASW\SignalProcessing\lib\NE10\math\NE10_submat.c">
      <Filter>소스 파일\lib\NE10\math</Filter>
    </ClCompile>
    <ClCompile Include="..\..\..\axx910_main\src\rsp\axx910_sw\Source\ASW\SignalProcessing\lib\NE10\math\NE10_transmat.c">
      <Filter>소스 파일\lib\NE10\math</Filter>
    </ClCompile>
    <ClCompile Include="..\..\..\axx910_main\src\rsp\axx910_sw\Source\ASW\SignalProcessing\lib\cfarlib\bts_cfarlib.c">
      <Filter>소스 파일\lib</Filter>
    </ClCompile>
    <ClCompile Include="..\..\..\axx910_main\src\rsp\axx910_sw\Source\ASW\SignalProcessing\lib\rsp_lib.c">
      <Filter>소스 파일\lib</Filter>
    </ClCompile>
    <ClCompile Include="..\..\..\axx910_main\src\rsp\axx910_sw\Source\ASW\SignalProcessing\Application\App_Input.c">
      <Filter>소스 파일\SignalProcessing\Application</Filter>
    </ClCompile>
    <ClCompile Include="..\..\..\axx910_main\src\rsp\axx910_sw\Source\ASW\SignalProcessing\Application\App_Main.c">
      <Filter>소스 파일\SignalProcessing\Application</Filter>
    </ClCompile>
    <ClCompile Include="..\..\..\axx910_main\src\rsp\axx910_sw\Source\ASW\SignalProcessing\ObjectDetection\GhostFilter\Gf_FoVFilter.c">
      <Filter>소스 파일\SignalProcessing\ObjectDetection\GhostFilter</Filter>
    </ClCompile>
    <ClCompile Include="..\..\..\axx910_main\src\rsp\axx910_sw\Source\ASW\SignalProcessing\ObjectDetection\GhostFilter\Gf_Main.c">
      <Filter>소스 파일\SignalProcessing\ObjectDetection\GhostFilter</Filter>
    </ClCompile>
    <ClCompile Include="..\..\..\axx910_main\src\rsp\axx910_sw\Source\ASW\SignalProcessing\ObjectDetection\Obj_CFAR.c">
      <Filter>소스 파일\SignalProcessing\ObjectDetection</Filter>
    </ClCompile>
    <ClCompile Include="..\..\..\axx910_main\src\rsp\axx910_sw\Source\ASW\SignalProcessing\ObjectDetection\Obj_DBF.c">
      <Filter>소스 파일\SignalProcessing\ObjectDetection</Filter>
    </ClCompile>
    <ClCompile Include="..\..\..\axx910_main\src\rsp\axx910_sw\Source\ASW\SignalProcessing\ObjectDetection\Obj_FreqEst.c">
      <Filter>소스 파일\SignalProcessing\ObjectDetection</Filter>
    </ClCompile>
    <ClCompile Include="..\..\..\axx910_main\src\rsp\axx910_sw\Source\ASW\SignalProcessing\ObjectDetection\Obj_Main.c">
      <Filter>소스 파일\SignalProcessing\ObjectDetection</Filter>
    </ClCompile>
    <ClCompile Include="..\..\..\axx910_main\src\rsp\axx910_sw\Source\ASW\SignalProcessing\ObjectDetection\Obj_Output.c">
      <Filter>소스 파일\SignalProcessing\ObjectDetection</Filter>
    </ClCompile>
    <ClCompile Include="..\..\..\axx910_main\src\rsp\axx910_sw\Source\ASW\SignalProcessing\ObjectDetection\Obj_SelCand.c">
      <Filter>소스 파일\SignalProcessing\ObjectDetection</Filter>
    </ClCompile>
    <ClCompile Include="..\..\..\axx910_main\src\rsp\axx910_sw\Source\ASW\SignalProcessing\PreProcessing\Pre_fft.c">
      <Filter>소스 파일\SignalProcessing\PreProcessing</Filter>
    </ClCompile>
    <ClCompile Include="..\..\..\axx910_main\src\rsp\axx910_sw\Source\ASW\SignalProcessing\PreProcessing\Pre_Main.c">
      <Filter>소스 파일\SignalProcessing\PreProcessing</Filter>
    </ClCompile>
    <ClCompile Include="..\..\..\axx910_main\src\rsp\axx910_sw\Source\ASW\SignalProcessing\ObjectDetection\Obj_CalRV.c">
      <Filter>소스 파일\SignalProcessing\ObjectDetection</Filter>
    </ClCompile>
    <ClCompile Include="..\..\..\axx910_main\src\rsp\axx910_sw\Source\ASW\SignalProcessing\ObjectDetection\GhostFilter\Gf_RefPairFilter.c">
      <Filter>소스 파일\SignalProcessing\ObjectDetection\GhostFilter</Filter>
    </ClCompile>
    <ClCompile Include="..\..\..\axx910_main\src\rsp\axx910_sw\Source\ASW\SignalProcessing\Tracking\Trk_Association.c">
      <Filter>소스 파일\SignalProcessing\Tracking</Filter>
    </ClCompile>
    <ClCompile Include="..\..\..\axx910_main\src\rsp\axx910_sw\Source\ASW\SignalProcessing\Tracking\Trk_Clustering.c">
      <Filter>소스 파일\SignalProcessing\Tracking</Filter>
    </ClCompile>
    <ClCompile Include="..\..\..\axx910_main\src\rsp\axx910_sw\Source\ASW\SignalProcessing\Tracking\Trk_Correction.c">
      <Filter>소스 파일\SignalProcessing\Tracking</Filter>
    </ClCompile>
    <ClCompile Include="..\..\..\axx910_main\src\rsp\axx910_sw\Source\ASW\SignalProcessing\Tracking\Trk_Freespace.c">
      <Filter>소스 파일\SignalProcessing\Tracking</Filter>
    </ClCompile>
    <ClCompile Include="..\..\..\axx910_main\src\rsp\axx910_sw\Source\ASW\SignalProcessing\Tracking\Trk_Input.c">
      <Filter>소스 파일\SignalProcessing\Tracking</Filter>
    </ClCompile>
    <ClCompile Include="..\..\..\axx910_main\src\rsp\axx910_sw\Source\ASW\SignalProcessing\Tracking\Trk_Main.c">
      <Filter>소스 파일\SignalProcessing\Tracking</Filter>
    </ClCompile>
    <ClCompile Include="..\..\..\axx910_main\src\rsp\axx910_sw\Source\ASW\SignalProcessing\Tracking\Trk_Managing.c">
      <Filter>소스 파일\SignalProcessing\Tracking</Filter>
    </ClCompile>
    <ClCompile Include="..\..\..\axx910_main\src\rsp\axx910_sw\Source\ASW\SignalProcessing\Tracking\Trk_Output.c">
      <Filter>소스 파일\SignalProcessing\Tracking</Filter>
    </ClCompile>
    <ClCompile Include="..\..\..\axx910_main\src\rsp\axx910_sw\Source\ASW\SignalProcessing\Tracking\Trk_Prediction.c">
      <Filter>소스 파일\SignalProcessing\Tracking</Filter>
    </ClCompile>
    <ClCompile Include="..\..\..\axx910_main\src\rsp\axx910_sw\Source\ASW\SignalProcessing\Tracking\Trk_SensorFusion.c">
      <Filter>소스 파일\SignalProcessing\Tracking</Filter>
    </ClCompile>
  </ItemGroup>
  <ItemGroup>
    <CudaCompile Include="..\..\..\axx910_main\src\rsp\axx910_sw\Source\ASW\Acceleration\Cuda_bts_lib.cu">
      <Filter>소스 파일\Acceleration</Filter>
    </CudaCompile>
    <CudaCompile Include="..\..\..\axx910_main\src\rsp\axx910_sw\Source\ASW\Acceleration\Cuda_bts_lib.cuh">
      <Filter>소스 파일\Acceleration</Filter>
    </CudaCompile>
    <CudaCompile Include="..\..\..\axx910_main\src\rsp\axx910_sw\Source\ASW\SignalProcessing\ObjectDetection\Obj_AngEst.cu">
      <Filter>소스 파일\SignalProcessing\ObjectDetection</Filter>
    </CudaCompile>
  </ItemGroup>
</Project>